
Microsoft Visual Studio Solution File, Format Version 12.00
# Visual Studio Version 17
VisualStudioVersion = 17.9.34902.65
MinimumVisualStudioVersion = 10.0.40219.1
Project("{FAE04EC0-301F-11D3-BF4B-00C04F79EFBC}") = "Employee-API-EFCore", "Employee-API-EFCore\Employee-API-EFCore.csproj", "{915131DF-2207-40A4-B642-7DF469FD4909}"
EndProject
Global
	GlobalSection(SolutionConfigurationPlatforms) = preSolution
		Debug|Any CPU = Debug|Any CPU
		Release|Any CPU = Release|Any CPU
	EndGlobalSection
	GlobalSection(ProjectConfigurationPlatforms) = postSolution
		{915131DF-2207-40A4-B642-7DF469FD4909}.Debug|Any CPU.ActiveCfg = Debug|Any CPU
		{915131DF-2207-40A4-B642-7DF469FD4909}.Debug|Any CPU.Build.0 = Debug|Any CPU
		{915131DF-2207-40A4-B642-7DF469FD4909}.Release|Any CPU.ActiveCfg = Release|Any CPU
		{915131DF-2207-40A4-B642-7DF469FD4909}.Release|Any CPU.Build.0 = Release|Any CPU
	EndGlobalSection
	GlobalSection(SolutionProperties) = preSolution
		HideSolutionNode = FALSE
	EndGlobalSection
	GlobalSection(ExtensibilityGlobals) = postSolution
		SolutionGuid = {13E65BAD-7198-47F2-A73D-C9E9D1A29C16}
	EndGlobalSection
EndGlobal
